
Microsoft Visual Studio Solution File, Format Version 12.00
# Visual Studio Version 17
VisualStudioVersion = 17.2.32602.215
MinimumVisualStudioVersion = 10.0.40219.1
Project("{FAE04EC0-301F-11D3-BF4B-00C04F79EFBC}") = "SQLRandomizer", "SQLRandomizer.csproj", "{5CE43048-6C57-4BAB-9416-7D8A29154844}"
EndProject
Global
	GlobalSection(SolutionConfigurationPlatforms) = preSolution
		Debug|Any CPU = Debug|Any CPU
		Release|Any CPU = Release|Any CPU
	EndGlobalSection
	GlobalSection(ProjectConfigurationPlatforms) = postSolution
		{5CE43048-6C57-4BAB-9416-7D8A29154844}.Debug|Any CPU.ActiveCfg = Debug|Any CPU
		{5CE43048-6C57-4BAB-9416-7D8A29154844}.Debug|Any CPU.Build.0 = Debug|Any CPU
		{5CE43048-6C57-4BAB-9416-7D8A29154844}.Release|Any CPU.ActiveCfg = Release|Any CPU
		{5CE43048-6C57-4BAB-9416-7D8A29154844}.Release|Any CPU.Build.0 = Release|Any CPU
	EndGlobalSection
	GlobalSection(SolutionProperties) = preSolution
		HideSolutionNode = FALSE
	EndGlobalSection
	GlobalSection(ExtensibilityGlobals) = postSolution
		SolutionGuid = {116EAC18-CDF4-4585-BF4D-DAF85FF5B88A}
	EndGlobalSection
EndGlobal
